
Microsoft Visual Studio Solution File, Format Version 12.00
# Visual Studio Version 17
VisualStudioVersion = 17.12.35527.113 d17.12
MinimumVisualStudioVersion = 10.0.40219.1
Project("{FAE04EC0-301F-11D3-BF4B-00C04F79EFBC}") = "Domain", "Domain\Domain.csproj", "{0898B28B-D288-4D38-8657-A35CB018E3FD}"
EndProject
Project("{FAE04EC0-301F-11D3-BF4B-00C04F79EFBC}") = "Application", "Application\Application.csproj", "{0EBA800F-DF3C-4DC3-97AD-7C12C4DCD8D6}"
EndProject
Project("{FAE04EC0-301F-11D3-BF4B-00C04F79EFBC}") = "Infrastructure", "Infrastructure\Infrastructure.csproj", "{EFE82F1A-A39A-4925-ADAA-C390B0B5D4C6}"
EndProject
Project("{FAE04EC0-301F-11D3-BF4B-00C04F79EFBC}") = "API", "API\API.csproj", "{A48B0DBA-B850-4F09-9A46-595C851E9BBE}"
EndProject
Global
	GlobalSection(SolutionConfigurationPlatforms) = preSolution
		Debug|Any CPU = Debug|Any CPU
		Release|Any CPU = Release|Any CPU
	EndGlobalSection
	GlobalSection(ProjectConfigurationPlatforms) = postSolution
		{0898B28B-D288-4D38-8657-A35CB018E3FD}.Debug|Any CPU.ActiveCfg = Debug|Any CPU
		{0898B28B-D288-4D38-8657-A35CB018E3FD}.Debug|Any CPU.Build.0 = Debug|Any CPU
		{0898B28B-D288-4D38-8657-A35CB018E3FD}.Release|Any CPU.ActiveCfg = Release|Any CPU
		{0898B28B-D288-4D38-8657-A35CB018E3FD}.Release|Any CPU.Build.0 = Release|Any CPU
		{0EBA800F-DF3C-4DC3-97AD-7C12C4DCD8D6}.Debug|Any CPU.ActiveCfg = Debug|Any CPU
		{0EBA800F-DF3C-4DC3-97AD-7C12C4DCD8D6}.Debug|Any CPU.Build.0 = Debug|Any CPU
		{0EBA800F-DF3C-4DC3-97AD-7C12C4DCD8D6}.Release|Any CPU.ActiveCfg = Release|Any CPU
		{0EBA800F-DF3C-4DC3-97AD-7C12C4DCD8D6}.Release|Any CPU.Build.0 = Release|Any CPU
		{EFE82F1A-A39A-4925-ADAA-C390B0B5D4C6}.Debug|Any CPU.ActiveCfg = Debug|Any CPU
		{EFE82F1A-A39A-4925-ADAA-C390B0B5D4C6}.Debug|Any CPU.Build.0 = Debug|Any CPU
		{EFE82F1A-A39A-4925-ADAA-C390B0B5D4C6}.Release|Any CPU.ActiveCfg = Release|Any CPU
		{EFE82F1A-A39A-4925-ADAA-C390B0B5D4C6}.Release|Any CPU.Build.0 = Release|Any CPU
		{A48B0DBA-B850-4F09-9A46-595C851E9BBE}.Debug|Any CPU.ActiveCfg = Debug|Any CPU
		{A48B0DBA-B850-4F09-9A46-595C851E9BBE}.Debug|Any CPU.Build.0 = Debug|Any CPU
		{A48B0DBA-B850-4F09-9A46-595C851E9BBE}.Release|Any CPU.ActiveCfg = Release|Any CPU
		{A48B0DBA-B850-4F09-9A46-595C851E9BBE}.Release|Any CPU.Build.0 = Release|Any CPU
	EndGlobalSection
	GlobalSection(SolutionProperties) = preSolution
		HideSolutionNode = FALSE
	EndGlobalSection
EndGlobal
